
Microsoft Visual Studio Solution File, Format Version 12.00
# Visual Studio 2013
VisualStudioVersion = 12.0.31101.0
MinimumVisualStudioVersion = 10.0.40219.1
Project("{FAE04EC0-301F-11D3-BF4B-00C04F79EFBC}") = "Syrilium.CachingInterface", "Syrilium.CachingInterface\Syrilium.CachingInterface.csproj", "{9CEF5DC4-44B7-42E3-93B1-A46A5C000657}"
EndProject
Project("{FAE04EC0-301F-11D3-BF4B-00C04F79EFBC}") = "Syrilium.Caching", "Syrilium.Caching\Syrilium.Caching.csproj", "{84120ABC-F034-4FFF-B991-7D06EC70D0F7}"
EndProject
Project("{FAE04EC0-301F-11D3-BF4B-00C04F79EFBC}") = "Syrilium.Common", "Syrilium.Common\Syrilium.Common.csproj", "{42695887-9581-4D6D-AA5A-B997F39AD891}"
EndProject
Project("{FAE04EC0-301F-11D3-BF4B-00C04F79EFBC}") = "Syrilium.CommonInterface", "Syrilium.CommonInterface\Syrilium.CommonInterface.csproj", "{46972938-A69C-4272-9930-11A2096E7E07}"
EndProject
Project("{FAE04EC0-301F-11D3-BF4B-00C04F79EFBC}") = "TestMVC", "TestMVC\TestMVC.csproj", "{522729B8-962E-412F-A350-23008C19FA71}"
EndProject
Global
	GlobalSection(SolutionConfigurationPlatforms) = preSolution
		Debug|Any CPU = Debug|Any CPU
		Release|Any CPU = Release|Any CPU
	EndGlobalSection
	GlobalSection(ProjectConfigurationPlatforms) = postSolution
		{9CEF5DC4-44B7-42E3-93B1-A46A5C000657}.Debug|Any CPU.ActiveCfg = Debug|Any CPU
		{9CEF5DC4-44B7-42E3-93B1-A46A5C000657}.Debug|Any CPU.Build.0 = Debug|Any CPU
		{9CEF5DC4-44B7-42E3-93B1-A46A5C000657}.Release|Any CPU.ActiveCfg = Release|Any CPU
		{9CEF5DC4-44B7-42E3-93B1-A46A5C000657}.Release|Any CPU.Build.0 = Release|Any CPU
		{84120ABC-F034-4FFF-B991-7D06EC70D0F7}.Debug|Any CPU.ActiveCfg = Debug|Any CPU
		{84120ABC-F034-4FFF-B991-7D06EC70D0F7}.Debug|Any CPU.Build.0 = Debug|Any CPU
		{84120ABC-F034-4FFF-B991-7D06EC70D0F7}.Release|Any CPU.ActiveCfg = Release|Any CPU
		{84120ABC-F034-4FFF-B991-7D06EC70D0F7}.Release|Any CPU.Build.0 = Release|Any CPU
		{42695887-9581-4D6D-AA5A-B997F39AD891}.Debug|Any CPU.ActiveCfg = Debug|Any CPU
		{42695887-9581-4D6D-AA5A-B997F39AD891}.Debug|Any CPU.Build.0 = Debug|Any CPU
		{42695887-9581-4D6D-AA5A-B997F39AD891}.Release|Any CPU.ActiveCfg = Release|Any CPU
		{42695887-9581-4D6D-AA5A-B997F39AD891}.Release|Any CPU.Build.0 = Release|Any CPU
		{46972938-A69C-4272-9930-11A2096E7E07}.Debug|Any CPU.ActiveCfg = Debug|Any CPU
		{46972938-A69C-4272-9930-11A2096E7E07}.Debug|Any CPU.Build.0 = Debug|Any CPU
		{46972938-A69C-4272-9930-11A2096E7E07}.Release|Any CPU.ActiveCfg = Release|Any CPU
		{46972938-A69C-4272-9930-11A2096E7E07}.Release|Any CPU.Build.0 = Release|Any CPU
		{522729B8-962E-412F-A350-23008C19FA71}.Debug|Any CPU.ActiveCfg = Debug|Any CPU
		{522729B8-962E-412F-A350-23008C19FA71}.Debug|Any CPU.Build.0 = Debug|Any CPU
		{522729B8-962E-412F-A350-23008C19FA71}.Release|Any CPU.ActiveCfg = Release|Any CPU
		{522729B8-962E-412F-A350-23008C19FA71}.Release|Any CPU.Build.0 = Release|Any CPU
	EndGlobalSection
	GlobalSection(SolutionProperties) = preSolution
		HideSolutionNode = FALSE
	EndGlobalSection
EndGlobal
